// !$*UTF8*$!
{
	archiveVersion = 1;
	classes = {
	};
	objectVersion = 56;
	objects = {

/* Begin PBXBuildFile section */
		FF265EFA2AC34F8A00AB2DBD /* GeneratedPluginRegistrant.h in Headers */ = {isa = PBXBuildFile; fileRef = FF265EF82AC34F8A00AB2DBD /* GeneratedPluginRegistrant.h */; };
		FF265EFB2AC34F8A00AB2DBD /* GeneratedPluginRegistrant.m in Sources */ = {isa = PBXBuildFile; fileRef = FF265EF92AC34F8A00AB2DBD /* GeneratedPluginRegistrant.m */; };
		FF8EC8F42AC3482900442DF7 /* FlutterPOCSDK.docc in Sources */ = {isa = PBXBuildFile; fileRef = FF8EC8F32AC3482900442DF7 /* FlutterPOCSDK.docc */; };
		FF8EC8F52AC3482900442DF7 /* FlutterPOCSDK.h in Headers */ = {isa = PBXBuildFile; fileRef = FF8EC8F22AC3482900442DF7 /* FlutterPOCSDK.h */; settings = {ATTRIBUTES = (Public, ); }; };
		FF8EC8FE2AC3485200442DF7 /* Flutter.xcframework in Frameworks */ = {isa = PBXBuildFile; fileRef = FF8EC8FC2AC3485200442DF7 /* Flutter.xcframework */; };
		FF8EC9002AC3485200442DF7 /* App.xcframework in Frameworks */ = {isa = PBXBuildFile; fileRef = FF8EC8FD2AC3485200442DF7 /* App.xcframework */; };
		FF8EC9042AC349AA00442DF7 /* DockFlutter.swift in Sources */ = {isa = PBXBuildFile; fileRef = FF8EC9032AC349AA00442DF7 /* DockFlutter.swift */; };
/* End PBXBuildFile section */

/* Begin PBXFileReference section */
		FF265EF82AC34F8A00AB2DBD /* GeneratedPluginRegistrant.h */ = {isa = PBXFileReference; fileEncoding = 4; lastKnownFileType = sourcecode.c.h; path = GeneratedPluginRegistrant.h; sourceTree = "<group>"; };
		FF265EF92AC34F8A00AB2DBD /* GeneratedPluginRegistrant.m */ = {isa = PBXFileReference; fileEncoding = 4; lastKnownFileType = sourcecode.c.objc; path = GeneratedPluginRegistrant.m; sourceTree = "<group>"; };
		FF8EC8EF2AC3482900442DF7 /* FlutterPOCSDK.framework */ = {isa = PBXFileReference; explicitFileType = wrapper.framework; includeInIndex = 0; path = FlutterPOCSDK.framework; sourceTree = BUILT_PRODUCTS_DIR; };
		FF8EC8F22AC3482900442DF7 /* FlutterPOCSDK.h */ = {isa = PBXFileReference; lastKnownFileType = sourcecode.c.h; path = FlutterPOCSDK.h; sourceTree = "<group>"; };
		FF8EC8F32AC3482900442DF7 /* FlutterPOCSDK.docc */ = {isa = PBXFileReference; lastKnownFileType = folder.documentationcatalog; path = FlutterPOCSDK.docc; sourceTree = "<group>"; };
		FF8EC8FC2AC3485200442DF7 /* Flutter.xcframework */ = {isa = PBXFileReference; lastKnownFileType = wrapper.xcframework; name = Flutter.xcframework; path = ../Flutter.xcframework; sourceTree = "<group>"; };
		FF8EC8FD2AC3485200442DF7 /* App.xcframework */ = {isa = PBXFileReference; lastKnownFileType = wrapper.xcframework; name = App.xcframework; path = ../App.xcframework; sourceTree = "<group>"; };
		FF8EC9032AC349AA00442DF7 /* DockFlutter.swift */ = {isa = PBXFileReference; lastKnownFileType = sourcecode.swift; path = DockFlutter.swift; sourceTree = "<group>"; };
/* End PBXFileReference section */

/* Begin PBXFrameworksBuildPhase section */
		FF8EC8EC2AC3482900442DF7 /* Frameworks */ = {
			isa = PBXFrameworksBuildPhase;
			buildActionMask = 2147483647;
			files = (
				FF8EC8FE2AC3485200442DF7 /* Flutter.xcframework in Frameworks */,
				FF8EC9002AC3485200442DF7 /* App.xcframework in Frameworks */,
			);
			runOnlyForDeploymentPostprocessing = 0;
		};
/* End PBXFrameworksBuildPhase section */

/* Begin PBXGroup section */
		FF265EF72AC34F6800AB2DBD /* PluginRegistrant */ = {
			isa = PBXGroup;
			children = (
				FF265EF82AC34F8A00AB2DBD /* GeneratedPluginRegistrant.h */,
				FF265EF92AC34F8A00AB2DBD /* GeneratedPluginRegistrant.m */,
			);
			path = PluginRegistrant;
			sourceTree = "<group>";
		};
		FF8EC8E52AC3482900442DF7 = {
			isa = PBXGroup;
			children = (
				FF8EC8F12AC3482900442DF7 /* FlutterPOCSDK */,
				FF8EC8F02AC3482900442DF7 /* Products */,
				FF8EC8FB2AC3485200442DF7 /* Frameworks */,
			);
			sourceTree = "<group>";
		};
		FF8EC8F02AC3482900442DF7 /* Products */ = {
			isa = PBXGroup;
			children = (
				FF8EC8EF2AC3482900442DF7 /* FlutterPOCSDK.framework */,
			);
			name = Products;
			sourceTree = "<group>";
		};
		FF8EC8F12AC3482900442DF7 /* FlutterPOCSDK */ = {
			isa = PBXGroup;
			children = (
				FF265EF72AC34F6800AB2DBD /* PluginRegistrant */,
				FF8EC8F22AC3482900442DF7 /* FlutterPOCSDK.h */,
				FF8EC8F32AC3482900442DF7 /* FlutterPOCSDK.docc */,
				FF8EC9032AC349AA00442DF7 /* DockFlutter.swift */,
			);
			path = FlutterPOCSDK;
			sourceTree = "<group>";
		};
		FF8EC8FB2AC3485200442DF7 /* Frameworks */ = {
			isa = PBXGroup;
			children = (
				FF8EC8FD2AC3485200442DF7 /* App.xcframework */,
				FF8EC8FC2AC3485200442DF7 /* Flutter.xcframework */,
			);
			name = Frameworks;
			sourceTree = "<group>";
		};
/* End PBXGroup section */

/* Begin PBXHeadersBuildPhase section */
		FF8EC8EA2AC3482900442DF7 /* Headers */ = {
			isa = PBXHeadersBuildPhase;
			buildActionMask = 2147483647;
			files = (
				FF265EFA2AC34F8A00AB2DBD /* GeneratedPluginRegistrant.h in Headers */,
				FF8EC8F52AC3482900442DF7 /* FlutterPOCSDK.h in Headers */,
			);
			runOnlyForDeploymentPostprocessing = 0;
		};
/* End PBXHeadersBuildPhase section */

/* Begin PBXNativeTarget section */
		FF8EC8EE2AC3482900442DF7 /* FlutterPOCSDK */ = {
			isa = PBXNativeTarget;
			buildConfigurationList = FF8EC8F82AC3482900442DF7 /* Build configuration list for PBXNativeTarget "FlutterPOCSDK" */;
			buildPhases = (
				FF8EC8EA2AC3482900442DF7 /* Headers */,
				FF8EC8EB2AC3482900442DF7 /* Sources */,
				FF8EC8EC2AC3482900442DF7 /* Frameworks */,
				FF8EC8ED2AC3482900442DF7 /* Resources */,
			);
			buildRules = (
			);
			dependencies = (
			);
			name = FlutterPOCSDK;
			productName = FlutterPOCSDK;
			productReference = FF8EC8EF2AC3482900442DF7 /* FlutterPOCSDK.framework */;
			productType = "com.apple.product-type.framework";
		};
/* End PBXNativeTarget section */

/* Begin PBXProject section */
		FF8EC8E62AC3482900442DF7 /* Project object */ = {
			isa = PBXProject;
			attributes = {
				BuildIndependentTargetsInParallel = 1;
				LastUpgradeCheck = 1430;
				TargetAttributes = {
					FF8EC8EE2AC3482900442DF7 = {
						CreatedOnToolsVersion = 14.3.1;
						LastSwiftMigration = 1500;
					};
				};
			};
			buildConfigurationList = FF8EC8E92AC3482900442DF7 /* Build configuration list for PBXProject "FlutterPOCSDK" */;
			compatibilityVersion = "Xcode 14.0";
			developmentRegion = en;
			hasScannedForEncodings = 0;
			knownRegions = (
				en,
				Base,
			);
			mainGroup = FF8EC8E52AC3482900442DF7;
			productRefGroup = FF8EC8F02AC3482900442DF7 /* Products */;
			projectDirPath = "";
			projectRoot = "";
			targets = (
				FF8EC8EE2AC3482900442DF7 /* FlutterPOCSDK */,
			);
		};
/* End PBXProject section */

/* Begin PBXResourcesBuildPhase section */
		FF8EC8ED2AC3482900442DF7 /* Resources */ = {
			isa = PBXResourcesBuildPhase;
			buildActionMask = 2147483647;
			files = (
			);
			runOnlyForDeploymentPostprocessing = 0;
		};
/* End PBXResourcesBuildPhase section */

/* Begin PBXSourcesBuildPhase section */
		FF8EC8EB2AC3482900442DF7 /* Sources */ = {
			isa = PBXSourcesBuildPhase;
			buildActionMask = 2147483647;
			files = (
				FF8EC8F42AC3482900442DF7 /* FlutterPOCSDK.docc in Sources */,
				FF8EC9042AC349AA00442DF7 /* DockFlutter.swift in Sources */,
				FF265EFB2AC34F8A00AB2DBD /* GeneratedPluginRegistrant.m in Sources */,
			);
			runOnlyForDeploymentPostprocessing = 0;
		};
/* End PBXSourcesBuildPhase section */

/* Begin XCBuildConfiguration section */
		FF8EC8F62AC3482900442DF7 /* Debug */ = {
			isa = XCBuildConfiguration;
			buildSettings = {
				ALWAYS_SEARCH_USER_PATHS = NO;
				CLANG_ANALYZER_NONNULL = YES;
				CLANG_ANALYZER_NUMBER_OBJECT_CONVERSION = YES_AGGRESSIVE;
				CLANG_CXX_LANGUAGE_STANDARD = "gnu++20";
				CLANG_ENABLE_MODULES = YES;
				CLANG_ENABLE_OBJC_ARC = YES;
				CLANG_ENABLE_OBJC_WEAK = YES;
				CLANG_WARN_BLOCK_CAPTURE_AUTORELEASING = YES;
				CLANG_WARN_BOOL_CONVERSION = YES;
				CLANG_WARN_COMMA = YES;
				CLANG_WARN_CONSTANT_CONVERSION = YES;
				CLANG_WARN_DEPRECATED_OBJC_IMPLEMENTATIONS = YES;
				CLANG_WARN_DIRECT_OBJC_ISA_USAGE = YES_ERROR;
				CLANG_WARN_DOCUMENTATION_COMMENTS = YES;
				CLANG_WARN_EMPTY_BODY = YES;
				CLANG_WARN_ENUM_CONVERSION = YES;
				CLANG_WARN_INFINITE_RECURSION = YES;
				CLANG_WARN_INT_CONVERSION = YES;
				CLANG_WARN_NON_LITERAL_NULL_CONVERSION = YES;
				CLANG_WARN_OBJC_IMPLICIT_RETAIN_SELF = YES;
				CLANG_WARN_OBJC_LITERAL_CONVERSION = YES;
				CLANG_WARN_OBJC_ROOT_CLASS = YES_ERROR;
				CLANG_WARN_QUOTED_INCLUDE_IN_FRAMEWORK_HEADER = YES;
				CLANG_WARN_RANGE_LOOP_ANALYSIS = YES;
				CLANG_WARN_STRICT_PROTOTYPES = YES;
				CLANG_WARN_SUSPICIOUS_MOVE = YES;
				CLANG_WARN_UNGUARDED_AVAILABILITY = YES_AGGRESSIVE;
				CLANG_WARN_UNREACHABLE_CODE = YES;
				CLANG_WARN__DUPLICATE_METHOD_MATCH = YES;
				COPY_PHASE_STRIP = NO;
				CURRENT_PROJECT_VERSION = 1;
				DEBUG_INFORMATION_FORMAT = dwarf;
				ENABLE_STRICT_OBJC_MSGSEND = YES;
				ENABLE_TESTABILITY = YES;
				GCC_C_LANGUAGE_STANDARD = gnu11;
				GCC_DYNAMIC_NO_PIC = NO;
				GCC_NO_COMMON_BLOCKS = YES;
				GCC_OPTIMIZATION_LEVEL = 0;
				GCC_PREPROCESSOR_DEFINITIONS = (
					"DEBUG=1",
					"$(inherited)",
				);
				GCC_WARN_64_TO_32_BIT_CONVERSION = YES;
				GCC_WARN_ABOUT_RETURN_TYPE = YES_ERROR;
				GCC_WARN_UNDECLARED_SELECTOR = YES;
				GCC_WARN_UNINITIALIZED_AUTOS = YES_AGGRESSIVE;
				GCC_WARN_UNUSED_FUNCTION = YES;
				GCC_WARN_UNUSED_VARIABLE = YES;
				IPHONEOS_DEPLOYMENT_TARGET = 16.4;
				MTL_ENABLE_DEBUG_INFO = INCLUDE_SOURCE;
				MTL_FAST_MATH = YES;
				ONLY_ACTIVE_ARCH = YES;
				SDKROOT = iphoneos;
				SWIFT_ACTIVE_COMPILATION_CONDITIONS = DEBUG;
				SWIFT_OPTIMIZATION_LEVEL = "-Onone";
				VERSIONING_SYSTEM = "apple-generic";
				VERSION_INFO_PREFIX = "";
			};
			name = Debug;
		};
		FF8EC8F72AC3482900442DF7 /* Release */ = {
			isa = XCBuildConfiguration;
			buildSettings = {
				ALWAYS_SEARCH_USER_PATHS = NO;
				CLANG_ANALYZER_NONNULL = YES;
				CLANG_ANALYZER_NUMBER_OBJECT_CONVERSION = YES_AGGRESSIVE;
				CLANG_CXX_LANGUAGE_STANDARD = "gnu++20";
				CLANG_ENABLE_MODULES = YES;
				CLANG_ENABLE_OBJC_ARC = YES;
				CLANG_ENABLE_OBJC_WEAK = YES;
				CLANG_WARN_BLOCK_CAPTURE_AUTORELEASING = YES;
				CLANG_WARN_BOOL_CONVERSION = YES;
				CLANG_WARN_COMMA = YES;
				CLANG_WARN_CONSTANT_CONVERSION = YES;
				CLANG_WARN_DEPRECATED_OBJC_IMPLEMENTATIONS = YES;
				CLANG_WARN_DIRECT_OBJC_ISA_USAGE = YES_ERROR;
				CLANG_WARN_DOCUMENTATION_COMMENTS = YES;
				CLANG_WARN_EMPTY_BODY = YES;
				CLANG_WARN_ENUM_CONVERSION = YES;
				CLANG_WARN_INFINITE_RECURSION = YES;
				CLANG_WARN_INT_CONVERSION = YES;
				CLANG_WARN_NON_LITERAL_NULL_CONVERSION = YES;
				CLANG_WARN_OBJC_IMPLICIT_RETAIN_SELF = YES;
				CLANG_WARN_OBJC_LITERAL_CONVERSION = YES;
				CLANG_WARN_OBJC_ROOT_CLASS = YES_ERROR;
				CLANG_WARN_QUOTED_INCLUDE_IN_FRAMEWORK_HEADER = YES;
				CLANG_WARN_RANGE_LOOP_ANALYSIS = YES;
				CLANG_WARN_STRICT_PROTOTYPES = YES;
				CLANG_WARN_SUSPICIOUS_MOVE = YES;
				CLANG_WARN_UNGUARDED_AVAILABILITY = YES_AGGRESSIVE;
				CLANG_WARN_UNREACHABLE_CODE = YES;
				CLANG_WARN__DUPLICATE_METHOD_MATCH = YES;
				COPY_PHASE_STRIP = NO;
				CURRENT_PROJECT_VERSION = 1;
				DEBUG_INFORMATION_FORMAT = "dwarf-with-dsym";
				ENABLE_NS_ASSERTIONS = NO;
				ENABLE_STRICT_OBJC_MSGSEND = YES;
				GCC_C_LANGUAGE_STANDARD = gnu11;
				GCC_NO_COMMON_BLOCKS = YES;
				GCC_WARN_64_TO_32_BIT_CONVERSION = YES;
				GCC_WARN_ABOUT_RETURN_TYPE = YES_ERROR;
				GCC_WARN_UNDECLARED_SELECTOR = YES;
				GCC_WARN_UNINITIALIZED_AUTOS = YES_AGGRESSIVE;
				GCC_WARN_UNUSED_FUNCTION = YES;
				GCC_WARN_UNUSED_VARIABLE = YES;
				IPHONEOS_DEPLOYMENT_TARGET = 16.4;
				MTL_ENABLE_DEBUG_INFO = NO;
				MTL_FAST_MATH = YES;
				SDKROOT = iphoneos;
				SWIFT_COMPILATION_MODE = wholemodule;
				SWIFT_OPTIMIZATION_LEVEL = "-O";
				VALIDATE_PRODUCT = YES;
				VERSIONING_SYSTEM = "apple-generic";
				VERSION_INFO_PREFIX = "";
			};
			name = Release;
		};
		FF8EC8F92AC3482900442DF7 /* Debug */ = {
			isa = XCBuildConfiguration;
			buildSettings = {
				CLANG_ENABLE_MODULES = YES;
				CODE_SIGN_STYLE = Automatic;
				CURRENT_PROJECT_VERSION = 1;
				DEFINES_MODULE = YES;
				DYLIB_COMPATIBILITY_VERSION = 1;
				DYLIB_CURRENT_VERSION = 1;
				DYLIB_INSTALL_NAME_BASE = "@rpath";
				ENABLE_MODULE_VERIFIER = YES;
				GENERATE_INFOPLIST_FILE = YES;
				INFOPLIST_KEY_NSHumanReadableCopyright = "";
				INSTALL_PATH = "$(LOCAL_LIBRARY_DIR)/Frameworks";
				IPHONEOS_DEPLOYMENT_TARGET = 11.0;
				LD_RUNPATH_SEARCH_PATHS = (
					"$(inherited)",
					"@executable_path/Frameworks",
					"@loader_path/Frameworks",
				);
				MARKETING_VERSION = 1.0;
				MODULE_VERIFIER_SUPPORTED_LANGUAGES = "objective-c objective-c++";
				MODULE_VERIFIER_SUPPORTED_LANGUAGE_STANDARDS = "gnu11 gnu++20";
				PRODUCT_BUNDLE_IDENTIFIER = dock.tech.FlutterPOCSDK;
				PRODUCT_NAME = "$(TARGET_NAME:c99extidentifier)";
				SKIP_INSTALL = YES;
				SWIFT_EMIT_LOC_STRINGS = YES;
				SWIFT_OPTIMIZATION_LEVEL = "-Onone";
				SWIFT_VERSION = 5.0;
				TARGETED_DEVICE_FAMILY = "1,2";
			};
			name = Debug;
		};
		FF8EC8FA2AC3482900442DF7 /* Release */ = {
			isa = XCBuildConfiguration;
			buildSettings = {
				CLANG_ENABLE_MODULES = YES;
				CODE_SIGN_STYLE = Automatic;
				CURRENT_PROJECT_VERSION = 1;
				DEFINES_MODULE = YES;
				DYLIB_COMPATIBILITY_VERSION = 1;
				DYLIB_CURRENT_VERSION = 1;
				DYLIB_INSTALL_NAME_BASE = "@rpath";
				ENABLE_MODULE_VERIFIER = YES;
				GENERATE_INFOPLIST_FILE = YES;
				INFOPLIST_KEY_NSHumanReadableCopyright = "";
				INSTALL_PATH = "$(LOCAL_LIBRARY_DIR)/Frameworks";
				IPHONEOS_DEPLOYMENT_TARGET = 11.0;
				LD_RUNPATH_SEARCH_PATHS = (
					"$(inherited)",
					"@executable_path/Frameworks",
					"@loader_path/Frameworks",
				);
				MARKETING_VERSION = 1.0;
				MODULE_VERIFIER_SUPPORTED_LANGUAGES = "objective-c objective-c++";
				MODULE_VERIFIER_SUPPORTED_LANGUAGE_STANDARDS = "gnu11 gnu++20";
				PRODUCT_BUNDLE_IDENTIFIER = dock.tech.FlutterPOCSDK;
				PRODUCT_NAME = "$(TARGET_NAME:c99extidentifier)";
				SKIP_INSTALL = YES;
				SWIFT_EMIT_LOC_STRINGS = YES;
				SWIFT_VERSION = 5.0;
				TARGETED_DEVICE_FAMILY = "1,2";
			};
			name = Release;
		};
/* End XCBuildConfiguration section */

/* Begin XCConfigurationList section */
		FF8EC8E92AC3482900442DF7 /* Build configuration list for PBXProject "FlutterPOCSDK" */ = {
			isa = XCConfigurationList;
			buildConfigurations = (
				FF8EC8F62AC3482900442DF7 /* Debug */,
				FF8EC8F72AC3482900442DF7 /* Release */,
			);
			defaultConfigurationIsVisible = 0;
			defaultConfigurationName = Release;
		};
		FF8EC8F82AC3482900442DF7 /* Build configuration list for PBXNativeTarget "FlutterPOCSDK" */ = {
			isa = XCConfigurationList;
			buildConfigurations = (
				FF8EC8F92AC3482900442DF7 /* Debug */,
				FF8EC8FA2AC3482900442DF7 /* Release */,
			);
			defaultConfigurationIsVisible = 0;
			defaultConfigurationName = Release;
		};
/* End XCConfigurationList section */
	};
	rootObject = FF8EC8E62AC3482900442DF7 /* Project object */;
}
